
Microsoft Visual Studio Solution File, Format Version 12.00
# Visual Studio Version 16
VisualStudioVersion = 25.0.1705.6
MinimumVisualStudioVersion = 10.0.40219.1
Project("{FAE04EC0-301F-11D3-BF4B-00C04F79EFBC}") = "RecordingTrackerApi", "RecordingTrackerApi.csproj", "{6114723C-BA33-418C-99D1-8F6A61472A8D}"
EndProject
Global
	GlobalSection(SolutionConfigurationPlatforms) = preSolution
		Debug|Any CPU = Debug|Any CPU
		Release|Any CPU = Release|Any CPU
	EndGlobalSection
	GlobalSection(ProjectConfigurationPlatforms) = postSolution
		{6114723C-BA33-418C-99D1-8F6A61472A8D}.Debug|Any CPU.ActiveCfg = Debug|Any CPU
		{6114723C-BA33-418C-99D1-8F6A61472A8D}.Debug|Any CPU.Build.0 = Debug|Any CPU
		{6114723C-BA33-418C-99D1-8F6A61472A8D}.Release|Any CPU.ActiveCfg = Release|Any CPU
		{6114723C-BA33-418C-99D1-8F6A61472A8D}.Release|Any CPU.Build.0 = Release|Any CPU
	EndGlobalSection
	GlobalSection(SolutionProperties) = preSolution
		HideSolutionNode = FALSE
	EndGlobalSection
	GlobalSection(ExtensibilityGlobals) = postSolution
		SolutionGuid = {4A69762A-3821-4679-B168-3598B257198E}
	EndGlobalSection
EndGlobal
